// !$*UTF8*$!
{
	archiveVersion = 1;
	classes = {
	};
	objectVersion = 50;
	objects = {

/* Begin PBXBuildFile section */
		0FC760D7227042F900336813 /* AppDelegate.swift in Sources */ = {isa = PBXBuildFile; fileRef = 0FC760D6227042F900336813 /* AppDelegate.swift */; };
		0FC760DC227042F900336813 /* Main.storyboard in Resources */ = {isa = PBXBuildFile; fileRef = 0FC760DA227042F900336813 /* Main.storyboard */; };
		0FC760DE227042FB00336813 /* Assets.xcassets in Resources */ = {isa = PBXBuildFile; fileRef = 0FC760DD227042FB00336813 /* Assets.xcassets */; };
		0FC760E1227042FB00336813 /* LaunchScreen.storyboard in Resources */ = {isa = PBXBuildFile; fileRef = 0FC760DF227042FB00336813 /* LaunchScreen.storyboard */; };
		0FC760EC227042FB00336813 /* UISwitchHelperExampleTests.swift in Sources */ = {isa = PBXBuildFile; fileRef = 0FC760EB227042FB00336813 /* UISwitchHelperExampleTests.swift */; };
		0FC760F7227042FB00336813 /* UISwitchHelperExampleUITests.swift in Sources */ = {isa = PBXBuildFile; fileRef = 0FC760F6227042FB00336813 /* UISwitchHelperExampleUITests.swift */; };
		0FC761062270432000336813 /* SignIn.storyboard in Resources */ = {isa = PBXBuildFile; fileRef = 0FC761042270432000336813 /* SignIn.storyboard */; };
		0FC761072270432000336813 /* Alert.storyboard in Resources */ = {isa = PBXBuildFile; fileRef = 0FC761052270432000336813 /* Alert.storyboard */; };
		0FC761092270433300336813 /* UISwitchHelper.swift in Sources */ = {isa = PBXBuildFile; fileRef = 0FC761082270433300336813 /* UISwitchHelper.swift */; };
		0FC7610C2270433C00336813 /* AlertHintVC.swift in Sources */ = {isa = PBXBuildFile; fileRef = 0FC7610A2270433C00336813 /* AlertHintVC.swift */; };
		0FC7610D2270433C00336813 /* WaitVC.swift in Sources */ = {isa = PBXBuildFile; fileRef = 0FC7610B2270433C00336813 /* WaitVC.swift */; };
		0FC7610F227046A100336813 /* SecondViewController.swift in Sources */ = {isa = PBXBuildFile; fileRef = 0FC7610E227046A000336813 /* SecondViewController.swift */; };
		0FC7611422705A3800336813 /* MainViewController.swift in Sources */ = {isa = PBXBuildFile; fileRef = 0FC7611322705A3800336813 /* MainViewController.swift */; };
		0FC7611622705C0D00336813 /* SingInViewController.swift in Sources */ = {isa = PBXBuildFile; fileRef = 0FC7611522705C0D00336813 /* SingInViewController.swift */; };
/* End PBXBuildFile section */

/* Begin PBXContainerItemProxy section */
		0FC760E8227042FB00336813 /* PBXContainerItemProxy */ = {
			isa = PBXContainerItemProxy;
			containerPortal = 0FC760CB227042F900336813 /* Project object */;
			proxyType = 1;
			remoteGlobalIDString = 0FC760D2227042F900336813;
			remoteInfo = UISwitchHelperExample;
		};
		0FC760F3227042FB00336813 /* PBXContainerItemProxy */ = {
			isa = PBXContainerItemProxy;
			containerPortal = 0FC760CB227042F900336813 /* Project object */;
			proxyType = 1;
			remoteGlobalIDString = 0FC760D2227042F900336813;
			remoteInfo = UISwitchHelperExample;
		};
/* End PBXContainerItemProxy section */

/* Begin PBXFileReference section */
		0FC760D3227042F900336813 /* UISwitchHelperExample.app */ = {isa = PBXFileReference; explicitFileType = wrapper.application; includeInIndex = 0; path = UISwitchHelperExample.app; sourceTree = BUILT_PRODUCTS_DIR; };
		0FC760D6227042F900336813 /* AppDelegate.swift */ = {isa = PBXFileReference; lastKnownFileType = sourcecode.swift; path = AppDelegate.swift; sourceTree = "<group>"; };
		0FC760DB227042F900336813 /* Base */ = {isa = PBXFileReference; lastKnownFileType = file.storyboard; name = Base; path = Base.lproj/Main.storyboard; sourceTree = "<group>"; };
		0FC760DD227042FB00336813 /* Assets.xcassets */ = {isa = PBXFileReference; lastKnownFileType = folder.assetcatalog; path = Assets.xcassets; sourceTree = "<group>"; };
		0FC760E0227042FB00336813 /* Base */ = {isa = PBXFileReference; lastKnownFileType = file.storyboard; name = Base; path = Base.lproj/LaunchScreen.storyboard; sourceTree = "<group>"; };
		0FC760E2227042FB00336813 /* Info.plist */ = {isa = PBXFileReference; lastKnownFileType = text.plist.xml; path = Info.plist; sourceTree = "<group>"; };
		0FC760E7227042FB00336813 /* UISwitchHelperExampleTests.xctest */ = {isa = PBXFileReference; explicitFileType = wrapper.cfbundle; includeInIndex = 0; path = UISwitchHelperExampleTests.xctest; sourceTree = BUILT_PRODUCTS_DIR; };
		0FC760EB227042FB00336813 /* UISwitchHelperExampleTests.swift */ = {isa = PBXFileReference; lastKnownFileType = sourcecode.swift; path = UISwitchHelperExampleTests.swift; sourceTree = "<group>"; };
		0FC760ED227042FB00336813 /* Info.plist */ = {isa = PBXFileReference; lastKnownFileType = text.plist.xml; path = Info.plist; sourceTree = "<group>"; };
		0FC760F2227042FB00336813 /* UISwitchHelperExampleUITests.xctest */ = {isa = PBXFileReference; explicitFileType = wrapper.cfbundle; includeInIndex = 0; path = UISwitchHelperExampleUITests.xctest; sourceTree = BUILT_PRODUCTS_DIR; };
		0FC760F6227042FB00336813 /* UISwitchHelperExampleUITests.swift */ = {isa = PBXFileReference; lastKnownFileType = sourcecode.swift; path = UISwitchHelperExampleUITests.swift; sourceTree = "<group>"; };
		0FC760F8227042FB00336813 /* Info.plist */ = {isa = PBXFileReference; lastKnownFileType = text.plist.xml; path = Info.plist; sourceTree = "<group>"; };
		0FC761042270432000336813 /* SignIn.storyboard */ = {isa = PBXFileReference; fileEncoding = 4; lastKnownFileType = file.storyboard; path = SignIn.storyboard; sourceTree = "<group>"; };
		0FC761052270432000336813 /* Alert.storyboard */ = {isa = PBXFileReference; fileEncoding = 4; lastKnownFileType = file.storyboard; path = Alert.storyboard; sourceTree = "<group>"; };
		0FC761082270433300336813 /* UISwitchHelper.swift */ = {isa = PBXFileReference; fileEncoding = 4; lastKnownFileType = sourcecode.swift; path = UISwitchHelper.swift; sourceTree = "<group>"; };
		0FC7610A2270433C00336813 /* AlertHintVC.swift */ = {isa = PBXFileReference; fileEncoding = 4; lastKnownFileType = sourcecode.swift; path = AlertHintVC.swift; sourceTree = "<group>"; };
		0FC7610B2270433C00336813 /* WaitVC.swift */ = {isa = PBXFileReference; fileEncoding = 4; lastKnownFileType = sourcecode.swift; path = WaitVC.swift; sourceTree = "<group>"; };
		0FC7610E227046A000336813 /* SecondViewController.swift */ = {isa = PBXFileReference; lastKnownFileType = sourcecode.swift; path = SecondViewController.swift; sourceTree = "<group>"; };
		0FC7611322705A3800336813 /* MainViewController.swift */ = {isa = PBXFileReference; lastKnownFileType = sourcecode.swift; path = MainViewController.swift; sourceTree = "<group>"; };
		0FC7611522705C0D00336813 /* SingInViewController.swift */ = {isa = PBXFileReference; lastKnownFileType = sourcecode.swift; path = SingInViewController.swift; sourceTree = "<group>"; };
/* End PBXFileReference section */

/* Begin PBXFrameworksBuildPhase section */
		0FC760D0227042F900336813 /* Frameworks */ = {
			isa = PBXFrameworksBuildPhase;
			buildActionMask = 2147483647;
			files = (
			);
			runOnlyForDeploymentPostprocessing = 0;
		};
		0FC760E4227042FB00336813 /* Frameworks */ = {
			isa = PBXFrameworksBuildPhase;
			buildActionMask = 2147483647;
			files = (
			);
			runOnlyForDeploymentPostprocessing = 0;
		};
		0FC760EF227042FB00336813 /* Frameworks */ = {
			isa = PBXFrameworksBuildPhase;
			buildActionMask = 2147483647;
			files = (
			);
			runOnlyForDeploymentPostprocessing = 0;
		};
/* End PBXFrameworksBuildPhase section */

/* Begin PBXGroup section */
		0FC760CA227042F900336813 = {
			isa = PBXGroup;
			children = (
				0FC760D5227042F900336813 /* UISwitchHelperExample */,
				0FC760EA227042FB00336813 /* UISwitchHelperExampleTests */,
				0FC760F5227042FB00336813 /* UISwitchHelperExampleUITests */,
				0FC760D4227042F900336813 /* Products */,
			);
			sourceTree = "<group>";
		};
		0FC760D4227042F900336813 /* Products */ = {
			isa = PBXGroup;
			children = (
				0FC760D3227042F900336813 /* UISwitchHelperExample.app */,
				0FC760E7227042FB00336813 /* UISwitchHelperExampleTests.xctest */,
				0FC760F2227042FB00336813 /* UISwitchHelperExampleUITests.xctest */,
			);
			name = Products;
			sourceTree = "<group>";
		};
		0FC760D5227042F900336813 /* UISwitchHelperExample */ = {
			isa = PBXGroup;
			children = (
				0FC76112227059E700336813 /* Class */,
				0FC76111227059D800336813 /* New Group */,
				0FC760D6227042F900336813 /* AppDelegate.swift */,
				0FC7611522705C0D00336813 /* SingInViewController.swift */,
				0FC7611322705A3800336813 /* MainViewController.swift */,
				0FC7610E227046A000336813 /* SecondViewController.swift */,
				0FC760DA227042F900336813 /* Main.storyboard */,
				0FC761042270432000336813 /* SignIn.storyboard */,
				0FC761052270432000336813 /* Alert.storyboard */,
				0FC760DD227042FB00336813 /* Assets.xcassets */,
				0FC760DF227042FB00336813 /* LaunchScreen.storyboard */,
				0FC760E2227042FB00336813 /* Info.plist */,
			);
			path = UISwitchHelperExample;
			sourceTree = "<group>";
		};
		0FC760EA227042FB00336813 /* UISwitchHelperExampleTests */ = {
			isa = PBXGroup;
			children = (
				0FC760EB227042FB00336813 /* UISwitchHelperExampleTests.swift */,
				0FC760ED227042FB00336813 /* Info.plist */,
			);
			path = UISwitchHelperExampleTests;
			sourceTree = "<group>";
		};
		0FC760F5227042FB00336813 /* UISwitchHelperExampleUITests */ = {
			isa = PBXGroup;
			children = (
				0FC760F6227042FB00336813 /* UISwitchHelperExampleUITests.swift */,
				0FC760F8227042FB00336813 /* Info.plist */,
			);
			path = UISwitchHelperExampleUITests;
			sourceTree = "<group>";
		};
		0FC76111227059D800336813 /* New Group */ = {
			isa = PBXGroup;
			children = (
				0FC7610A2270433C00336813 /* AlertHintVC.swift */,
				0FC7610B2270433C00336813 /* WaitVC.swift */,
			);
			name = "New Group";
			sourceTree = "<group>";
		};
		0FC76112227059E700336813 /* Class */ = {
			isa = PBXGroup;
			children = (
				0FC761082270433300336813 /* UISwitchHelper.swift */,
			);
			path = Class;
			sourceTree = "<group>";
		};
/* End PBXGroup section */

/* Begin PBXNativeTarget section */
		0FC760D2227042F900336813 /* UISwitchHelperExample */ = {
			isa = PBXNativeTarget;
			buildConfigurationList = 0FC760FB227042FB00336813 /* Build configuration list for PBXNativeTarget "UISwitchHelperExample" */;
			buildPhases = (
				0FC760CF227042F900336813 /* Sources */,
				0FC760D0227042F900336813 /* Frameworks */,
				0FC760D1227042F900336813 /* Resources */,
			);
			buildRules = (
			);
			dependencies = (
			);
			name = UISwitchHelperExample;
			productName = UISwitchHelperExample;
			productReference = 0FC760D3227042F900336813 /* UISwitchHelperExample.app */;
			productType = "com.apple.product-type.application";
		};
		0FC760E6227042FB00336813 /* UISwitchHelperExampleTests */ = {
			isa = PBXNativeTarget;
			buildConfigurationList = 0FC760FE227042FB00336813 /* Build configuration list for PBXNativeTarget "UISwitchHelperExampleTests" */;
			buildPhases = (
				0FC760E3227042FB00336813 /* Sources */,
				0FC760E4227042FB00336813 /* Frameworks */,
				0FC760E5227042FB00336813 /* Resources */,
			);
			buildRules = (
			);
			dependencies = (
				0FC760E9227042FB00336813 /* PBXTargetDependency */,
			);
			name = UISwitchHelperExampleTests;
			productName = UISwitchHelperExampleTests;
			productReference = 0FC760E7227042FB00336813 /* UISwitchHelperExampleTests.xctest */;
			productType = "com.apple.product-type.bundle.unit-test";
		};
		0FC760F1227042FB00336813 /* UISwitchHelperExampleUITests */ = {
			isa = PBXNativeTarget;
			buildConfigurationList = 0FC76101227042FB00336813 /* Build configuration list for PBXNativeTarget "UISwitchHelperExampleUITests" */;
			buildPhases = (
				0FC760EE227042FB00336813 /* Sources */,
				0FC760EF227042FB00336813 /* Frameworks */,
				0FC760F0227042FB00336813 /* Resources */,
			);
			buildRules = (
			);
			dependencies = (
				0FC760F4227042FB00336813 /* PBXTargetDependency */,
			);
			name = UISwitchHelperExampleUITests;
			productName = UISwitchHelperExampleUITests;
			productReference = 0FC760F2227042FB00336813 /* UISwitchHelperExampleUITests.xctest */;
			productType = "com.apple.product-type.bundle.ui-testing";
		};
/* End PBXNativeTarget section */

/* Begin PBXProject section */
		0FC760CB227042F900336813 /* Project object */ = {
			isa = PBXProject;
			attributes = {
				LastSwiftUpdateCheck = 1010;
				LastUpgradeCheck = 1010;
				ORGANIZATIONNAME = nhr;
				TargetAttributes = {
					0FC760D2227042F900336813 = {
						CreatedOnToolsVersion = 10.1;
					};
					0FC760E6227042FB00336813 = {
						CreatedOnToolsVersion = 10.1;
						TestTargetID = 0FC760D2227042F900336813;
					};
					0FC760F1227042FB00336813 = {
						CreatedOnToolsVersion = 10.1;
						TestTargetID = 0FC760D2227042F900336813;
					};
				};
			};
			buildConfigurationList = 0FC760CE227042F900336813 /* Build configuration list for PBXProject "UISwitchHelperExample" */;
			compatibilityVersion = "Xcode 9.3";
			developmentRegion = en;
			hasScannedForEncodings = 0;
			knownRegions = (
				en,
				Base,
			);
			mainGroup = 0FC760CA227042F900336813;
			productRefGroup = 0FC760D4227042F900336813 /* Products */;
			projectDirPath = "";
			projectRoot = "";
			targets = (
				0FC760D2227042F900336813 /* UISwitchHelperExample */,
				0FC760E6227042FB00336813 /* UISwitchHelperExampleTests */,
				0FC760F1227042FB00336813 /* UISwitchHelperExampleUITests */,
			);
		};
/* End PBXProject section */

/* Begin PBXResourcesBuildPhase section */
		0FC760D1227042F900336813 /* Resources */ = {
			isa = PBXResourcesBuildPhase;
			buildActionMask = 2147483647;
			files = (
				0FC761062270432000336813 /* SignIn.storyboard in Resources */,
				0FC761072270432000336813 /* Alert.storyboard in Resources */,
				0FC760E1227042FB00336813 /* LaunchScreen.storyboard in Resources */,
				0FC760DE227042FB00336813 /* Assets.xcassets in Resources */,
				0FC760DC227042F900336813 /* Main.storyboard in Resources */,
			);
			runOnlyForDeploymentPostprocessing = 0;
		};
		0FC760E5227042FB00336813 /* Resources */ = {
			isa = PBXResourcesBuildPhase;
			buildActionMask = 2147483647;
			files = (
			);
			runOnlyForDeploymentPostprocessing = 0;
		};
		0FC760F0227042FB00336813 /* Resources */ = {
			isa = PBXResourcesBuildPhase;
			buildActionMask = 2147483647;
			files = (
			);
			runOnlyForDeploymentPostprocessing = 0;
		};
/* End PBXResourcesBuildPhase section */

/* Begin PBXSourcesBuildPhase section */
		0FC760CF227042F900336813 /* Sources */ = {
			isa = PBXSourcesBuildPhase;
			buildActionMask = 2147483647;
			files = (
				0FC7611622705C0D00336813 /* SingInViewController.swift in Sources */,
				0FC7611422705A3800336813 /* MainViewController.swift in Sources */,
				0FC7610F227046A100336813 /* SecondViewController.swift in Sources */,
				0FC7610C2270433C00336813 /* AlertHintVC.swift in Sources */,
				0FC7610D2270433C00336813 /* WaitVC.swift in Sources */,
				0FC760D7227042F900336813 /* AppDelegate.swift in Sources */,
				0FC761092270433300336813 /* UISwitchHelper.swift in Sources */,
			);
			runOnlyForDeploymentPostprocessing = 0;
		};
		0FC760E3227042FB00336813 /* Sources */ = {
			isa = PBXSourcesBuildPhase;
			buildActionMask = 2147483647;
			files = (
				0FC760EC227042FB00336813 /* UISwitchHelperExampleTests.swift in Sources */,
			);
			runOnlyForDeploymentPostprocessing = 0;
		};
		0FC760EE227042FB00336813 /* Sources */ = {
			isa = PBXSourcesBuildPhase;
			buildActionMask = 2147483647;
			files = (
				0FC760F7227042FB00336813 /* UISwitchHelperExampleUITests.swift in Sources */,
			);
			runOnlyForDeploymentPostprocessing = 0;
		};
/* End PBXSourcesBuildPhase section */

/* Begin PBXTargetDependency section */
		0FC760E9227042FB00336813 /* PBXTargetDependency */ = {
			isa = PBXTargetDependency;
			target = 0FC760D2227042F900336813 /* UISwitchHelperExample */;
			targetProxy = 0FC760E8227042FB00336813 /* PBXContainerItemProxy */;
		};
		0FC760F4227042FB00336813 /* PBXTargetDependency */ = {
			isa = PBXTargetDependency;
			target = 0FC760D2227042F900336813 /* UISwitchHelperExample */;
			targetProxy = 0FC760F3227042FB00336813 /* PBXContainerItemProxy */;
		};
/* End PBXTargetDependency section */

/* Begin PBXVariantGroup section */
		0FC760DA227042F900336813 /* Main.storyboard */ = {
			isa = PBXVariantGroup;
			children = (
				0FC760DB227042F900336813 /* Base */,
			);
			name = Main.storyboard;
			sourceTree = "<group>";
		};
		0FC760DF227042FB00336813 /* LaunchScreen.storyboard */ = {
			isa = PBXVariantGroup;
			children = (
				0FC760E0227042FB00336813 /* Base */,
			);
			name = LaunchScreen.storyboard;
			sourceTree = "<group>";
		};
/* End PBXVariantGroup section */

/* Begin XCBuildConfiguration section */
		0FC760F9227042FB00336813 /* Debug */ = {
			isa = XCBuildConfiguration;
			buildSettings = {
				ALWAYS_SEARCH_USER_PATHS = NO;
				CLANG_ANALYZER_NONNULL = YES;
				CLANG_ANALYZER_NUMBER_OBJECT_CONVERSION = YES_AGGRESSIVE;
				CLANG_CXX_LANGUAGE_STANDARD = "gnu++14";
				CLANG_CXX_LIBRARY = "libc++";
				CLANG_ENABLE_MODULES = YES;
				CLANG_ENABLE_OBJC_ARC = YES;
				CLANG_ENABLE_OBJC_WEAK = YES;
				CLANG_WARN_BLOCK_CAPTURE_AUTORELEASING = YES;
				CLANG_WARN_BOOL_CONVERSION = YES;
				CLANG_WARN_COMMA = YES;
				CLANG_WARN_CONSTANT_CONVERSION = YES;
				CLANG_WARN_DEPRECATED_OBJC_IMPLEMENTATIONS = YES;
				CLANG_WARN_DIRECT_OBJC_ISA_USAGE = YES_ERROR;
				CLANG_WARN_DOCUMENTATION_COMMENTS = YES;
				CLANG_WARN_EMPTY_BODY = YES;
				CLANG_WARN_ENUM_CONVERSION = YES;
				CLANG_WARN_INFINITE_RECURSION = YES;
				CLANG_WARN_INT_CONVERSION = YES;
				CLANG_WARN_NON_LITERAL_NULL_CONVERSION = YES;
				CLANG_WARN_OBJC_IMPLICIT_RETAIN_SELF = YES;
				CLANG_WARN_OBJC_LITERAL_CONVERSION = YES;
				CLANG_WARN_OBJC_ROOT_CLASS = YES_ERROR;
				CLANG_WARN_RANGE_LOOP_ANALYSIS = YES;
				CLANG_WARN_STRICT_PROTOTYPES = YES;
				CLANG_WARN_SUSPICIOUS_MOVE = YES;
				CLANG_WARN_UNGUARDED_AVAILABILITY = YES_AGGRESSIVE;
				CLANG_WARN_UNREACHABLE_CODE = YES;
				CLANG_WARN__DUPLICATE_METHOD_MATCH = YES;
				CODE_SIGN_IDENTITY = "iPhone Developer";
				COPY_PHASE_STRIP = NO;
				DEBUG_INFORMATION_FORMAT = dwarf;
				ENABLE_STRICT_OBJC_MSGSEND = YES;
				ENABLE_TESTABILITY = YES;
				GCC_C_LANGUAGE_STANDARD = gnu11;
				GCC_DYNAMIC_NO_PIC = NO;
				GCC_NO_COMMON_BLOCKS = YES;
				GCC_OPTIMIZATION_LEVEL = 0;
				GCC_PREPROCESSOR_DEFINITIONS = (
					"DEBUG=1",
					"$(inherited)",
				);
				GCC_WARN_64_TO_32_BIT_CONVERSION = YES;
				GCC_WARN_ABOUT_RETURN_TYPE = YES_ERROR;
				GCC_WARN_UNDECLARED_SELECTOR = YES;
				GCC_WARN_UNINITIALIZED_AUTOS = YES_AGGRESSIVE;
				GCC_WARN_UNUSED_FUNCTION = YES;
				GCC_WARN_UNUSED_VARIABLE = YES;
				IPHONEOS_DEPLOYMENT_TARGET = 12.1;
				MTL_ENABLE_DEBUG_INFO = INCLUDE_SOURCE;
				MTL_FAST_MATH = YES;
				ONLY_ACTIVE_ARCH = YES;
				SDKROOT = iphoneos;
				SWIFT_ACTIVE_COMPILATION_CONDITIONS = DEBUG;
				SWIFT_OPTIMIZATION_LEVEL = "-Onone";
			};
			name = Debug;
		};
		0FC760FA227042FB00336813 /* Release */ = {
			isa = XCBuildConfiguration;
			buildSettings = {
				ALWAYS_SEARCH_USER_PATHS = NO;
				CLANG_ANALYZER_NONNULL = YES;
				CLANG_ANALYZER_NUMBER_OBJECT_CONVERSION = YES_AGGRESSIVE;
				CLANG_CXX_LANGUAGE_STANDARD = "gnu++14";
				CLANG_CXX_LIBRARY = "libc++";
				CLANG_ENABLE_MODULES = YES;
				CLANG_ENABLE_OBJC_ARC = YES;
				CLANG_ENABLE_OBJC_WEAK = YES;
				CLANG_WARN_BLOCK_CAPTURE_AUTORELEASING = YES;
				CLANG_WARN_BOOL_CONVERSION = YES;
				CLANG_WARN_COMMA = YES;
				CLANG_WARN_CONSTANT_CONVERSION = YES;
				CLANG_WARN_DEPRECATED_OBJC_IMPLEMENTATIONS = YES;
				CLANG_WARN_DIRECT_OBJC_ISA_USAGE = YES_ERROR;
				CLANG_WARN_DOCUMENTATION_COMMENTS = YES;
				CLANG_WARN_EMPTY_BODY = YES;
				CLANG_WARN_ENUM_CONVERSION = YES;
				CLANG_WARN_INFINITE_RECURSION = YES;
				CLANG_WARN_INT_CONVERSION = YES;
				CLANG_WARN_NON_LITERAL_NULL_CONVERSION = YES;
				CLANG_WARN_OBJC_IMPLICIT_RETAIN_SELF = YES;
				CLANG_WARN_OBJC_LITERAL_CONVERSION = YES;
				CLANG_WARN_OBJC_ROOT_CLASS = YES_ERROR;
				CLANG_WARN_RANGE_LOOP_ANALYSIS = YES;
				CLANG_WARN_STRICT_PROTOTYPES = YES;
				CLANG_WARN_SUSPICIOUS_MOVE = YES;
				CLANG_WARN_UNGUARDED_AVAILABILITY = YES_AGGRESSIVE;
				CLANG_WARN_UNREACHABLE_CODE = YES;
				CLANG_WARN__DUPLICATE_METHOD_MATCH = YES;
				CODE_SIGN_IDENTITY = "iPhone Developer";
				COPY_PHASE_STRIP = NO;
				DEBUG_INFORMATION_FORMAT = "dwarf-with-dsym";
				ENABLE_NS_ASSERTIONS = NO;
				ENABLE_STRICT_OBJC_MSGSEND = YES;
				GCC_C_LANGUAGE_STANDARD = gnu11;
				GCC_NO_COMMON_BLOCKS = YES;
				GCC_WARN_64_TO_32_BIT_CONVERSION = YES;
				GCC_WARN_ABOUT_RETURN_TYPE = YES_ERROR;
				GCC_WARN_UNDECLARED_SELECTOR = YES;
				GCC_WARN_UNINITIALIZED_AUTOS = YES_AGGRESSIVE;
				GCC_WARN_UNUSED_FUNCTION = YES;
				GCC_WARN_UNUSED_VARIABLE = YES;
				IPHONEOS_DEPLOYMENT_TARGET = 12.1;
				MTL_ENABLE_DEBUG_INFO = NO;
				MTL_FAST_MATH = YES;
				SDKROOT = iphoneos;
				SWIFT_COMPILATION_MODE = wholemodule;
				SWIFT_OPTIMIZATION_LEVEL = "-O";
				VALIDATE_PRODUCT = YES;
			};
			name = Release;
		};
		0FC760FC227042FB00336813 /* Debug */ = {
			isa = XCBuildConfiguration;
			buildSettings = {
				ASSETCATALOG_COMPILER_APPICON_NAME = AppIcon;
				CODE_SIGN_STYLE = Automatic;
				DEVELOPMENT_TEAM = 6U79KUH842;
				INFOPLIST_FILE = UISwitchHelperExample/Info.plist;
				LD_RUNPATH_SEARCH_PATHS = (
					"$(inherited)",
					"@executable_path/Frameworks",
				);
				PRODUCT_BUNDLE_IDENTIFIER = com.nhr.UISwitchHelperExample;
				PRODUCT_NAME = "$(TARGET_NAME)";
				SWIFT_VERSION = 4.2;
				TARGETED_DEVICE_FAMILY = "1,2";
			};
			name = Debug;
		};
		0FC760FD227042FB00336813 /* Release */ = {
			isa = XCBuildConfiguration;
			buildSettings = {
				ASSETCATALOG_COMPILER_APPICON_NAME = AppIcon;
				CODE_SIGN_STYLE = Automatic;
				DEVELOPMENT_TEAM = 6U79KUH842;
				INFOPLIST_FILE = UISwitchHelperExample/Info.plist;
				LD_RUNPATH_SEARCH_PATHS = (
					"$(inherited)",
					"@executable_path/Frameworks",
				);
				PRODUCT_BUNDLE_IDENTIFIER = com.nhr.UISwitchHelperExample;
				PRODUCT_NAME = "$(TARGET_NAME)";
				SWIFT_VERSION = 4.2;
				TARGETED_DEVICE_FAMILY = "1,2";
			};
			name = Release;
		};
		0FC760FF227042FB00336813 /* Debug */ = {
			isa = XCBuildConfiguration;
			buildSettings = {
				ALWAYS_EMBED_SWIFT_STANDARD_LIBRARIES = YES;
				BUNDLE_LOADER = "$(TEST_HOST)";
				CODE_SIGN_STYLE = Automatic;
				DEVELOPMENT_TEAM = 6U79KUH842;
				INFOPLIST_FILE = UISwitchHelperExampleTests/Info.plist;
				LD_RUNPATH_SEARCH_PATHS = (
					"$(inherited)",
					"@executable_path/Frameworks",
					"@loader_path/Frameworks",
				);
				PRODUCT_BUNDLE_IDENTIFIER = com.nhr.UISwitchHelperExampleTests;
				PRODUCT_NAME = "$(TARGET_NAME)";
				SWIFT_VERSION = 4.2;
				TARGETED_DEVICE_FAMILY = "1,2";
				TEST_HOST = "$(BUILT_PRODUCTS_DIR)/UISwitchHelperExample.app/UISwitchHelperExample";
			};
			name = Debug;
		};
		0FC76100227042FB00336813 /* Release */ = {
			isa = XCBuildConfiguration;
			buildSettings = {
				ALWAYS_EMBED_SWIFT_STANDARD_LIBRARIES = YES;
				BUNDLE_LOADER = "$(TEST_HOST)";
				CODE_SIGN_STYLE = Automatic;
				DEVELOPMENT_TEAM = 6U79KUH842;
				INFOPLIST_FILE = UISwitchHelperExampleTests/Info.plist;
				LD_RUNPATH_SEARCH_PATHS = (
					"$(inherited)",
					"@executable_path/Frameworks",
					"@loader_path/Frameworks",
				);
				PRODUCT_BUNDLE_IDENTIFIER = com.nhr.UISwitchHelperExampleTests;
				PRODUCT_NAME = "$(TARGET_NAME)";
				SWIFT_VERSION = 4.2;
				TARGETED_DEVICE_FAMILY = "1,2";
				TEST_HOST = "$(BUILT_PRODUCTS_DIR)/UISwitchHelperExample.app/UISwitchHelperExample";
			};
			name = Release;
		};
		0FC76102227042FB00336813 /* Debug */ = {
			isa = XCBuildConfiguration;
			buildSettings = {
				ALWAYS_EMBED_SWIFT_STANDARD_LIBRARIES = YES;
				CODE_SIGN_STYLE = Automatic;
				DEVELOPMENT_TEAM = 6U79KUH842;
				INFOPLIST_FILE = UISwitchHelperExampleUITests/Info.plist;
				LD_RUNPATH_SEARCH_PATHS = (
					"$(inherited)",
					"@executable_path/Frameworks",
					"@loader_path/Frameworks",
				);
				PRODUCT_BUNDLE_IDENTIFIER = com.nhr.UISwitchHelperExampleUITests;
				PRODUCT_NAME = "$(TARGET_NAME)";
				SWIFT_VERSION = 4.2;
				TARGETED_DEVICE_FAMILY = "1,2";
				TEST_TARGET_NAME = UISwitchHelperExample;
			};
			name = Debug;
		};
		0FC76103227042FB00336813 /* Release */ = {
			isa = XCBuildConfiguration;
			buildSettings = {
				ALWAYS_EMBED_SWIFT_STANDARD_LIBRARIES = YES;
				CODE_SIGN_STYLE = Automatic;
				DEVELOPMENT_TEAM = 6U79KUH842;
				INFOPLIST_FILE = UISwitchHelperExampleUITests/Info.plist;
				LD_RUNPATH_SEARCH_PATHS = (
					"$(inherited)",
					"@executable_path/Frameworks",
					"@loader_path/Frameworks",
				);
				PRODUCT_BUNDLE_IDENTIFIER = com.nhr.UISwitchHelperExampleUITests;
				PRODUCT_NAME = "$(TARGET_NAME)";
				SWIFT_VERSION = 4.2;
				TARGETED_DEVICE_FAMILY = "1,2";
				TEST_TARGET_NAME = UISwitchHelperExample;
			};
			name = Release;
		};
/* End XCBuildConfiguration section */

/* Begin XCConfigurationList section */
		0FC760CE227042F900336813 /* Build configuration list for PBXProject "UISwitchHelperExample" */ = {
			isa = XCConfigurationList;
			buildConfigurations = (
				0FC760F9227042FB00336813 /* Debug */,
				0FC760FA227042FB00336813 /* Release */,
			);
			defaultConfigurationIsVisible = 0;
			defaultConfigurationName = Release;
		};
		0FC760FB227042FB00336813 /* Build configuration list for PBXNativeTarget "UISwitchHelperExample" */ = {
			isa = XCConfigurationList;
			buildConfigurations = (
				0FC760FC227042FB00336813 /* Debug */,
				0FC760FD227042FB00336813 /* Release */,
			);
			defaultConfigurationIsVisible = 0;
			defaultConfigurationName = Release;
		};
		0FC760FE227042FB00336813 /* Build configuration list for PBXNativeTarget "UISwitchHelperExampleTests" */ = {
			isa = XCConfigurationList;
			buildConfigurations = (
				0FC760FF227042FB00336813 /* Debug */,
				0FC76100227042FB00336813 /* Release */,
			);
			defaultConfigurationIsVisible = 0;
			defaultConfigurationName = Release;
		};
		0FC76101227042FB00336813 /* Build configuration list for PBXNativeTarget "UISwitchHelperExampleUITests" */ = {
			isa = XCConfigurationList;
			buildConfigurations = (
				0FC76102227042FB00336813 /* Debug */,
				0FC76103227042FB00336813 /* Release */,
			);
			defaultConfigurationIsVisible = 0;
			defaultConfigurationName = Release;
		};
/* End XCConfigurationList section */
	};
	rootObject = 0FC760CB227042F900336813 /* Project object */;
}
